
Microsoft Visual Studio Solution File, Format Version 12.00
# Visual Studio Version 16
VisualStudioVersion = 16.0.30517.126
MinimumVisualStudioVersion = 10.0.40219.1
Project("{FAE04EC0-301F-11D3-BF4B-00C04F79EFBC}") = "OpenApiSample", "OpenApiSample\OpenApiSample.csproj", "{CA3B347A-F930-4E80-AEFC-F735A035601D}"
EndProject
Global
	GlobalSection(SolutionConfigurationPlatforms) = preSolution
		Debug|Any CPU = Debug|Any CPU
		Release|Any CPU = Release|Any CPU
	EndGlobalSection
	GlobalSection(ProjectConfigurationPlatforms) = postSolution
		{CA3B347A-F930-4E80-AEFC-F735A035601D}.Debug|Any CPU.ActiveCfg = Debug|Any CPU
		{CA3B347A-F930-4E80-AEFC-F735A035601D}.Debug|Any CPU.Build.0 = Debug|Any CPU
		{CA3B347A-F930-4E80-AEFC-F735A035601D}.Release|Any CPU.ActiveCfg = Release|Any CPU
		{CA3B347A-F930-4E80-AEFC-F735A035601D}.Release|Any CPU.Build.0 = Release|Any CPU
	EndGlobalSection
	GlobalSection(SolutionProperties) = preSolution
		HideSolutionNode = FALSE
	EndGlobalSection
	GlobalSection(ExtensibilityGlobals) = postSolution
		SolutionGuid = {8ACF22AF-51F7-4213-9080-ACF6BF74532A}
	EndGlobalSection
EndGlobal
